
Microsoft Visual Studio Solution File, Format Version 12.00
# Visual Studio Version 17
VisualStudioVersion = 17.5.002.0
MinimumVisualStudioVersion = 10.0.40219.1
Project("{9A19103F-16F7-4668-BE54-9A1E7A4F7556}") = "EventHub", "EventHub.csproj", "{C1165D48-FA5A-49CA-93C4-7ADFC974FF9B}"
EndProject
Global
	GlobalSection(SolutionConfigurationPlatforms) = preSolution
		Debug|Any CPU = Debug|Any CPU
		Release|Any CPU = Release|Any CPU
	EndGlobalSection
	GlobalSection(ProjectConfigurationPlatforms) = postSolution
		{C1165D48-FA5A-49CA-93C4-7ADFC974FF9B}.Debug|Any CPU.ActiveCfg = Debug|Any CPU
		{C1165D48-FA5A-49CA-93C4-7ADFC974FF9B}.Debug|Any CPU.Build.0 = Debug|Any CPU
		{C1165D48-FA5A-49CA-93C4-7ADFC974FF9B}.Release|Any CPU.ActiveCfg = Release|Any CPU
		{C1165D48-FA5A-49CA-93C4-7ADFC974FF9B}.Release|Any CPU.Build.0 = Release|Any CPU
	EndGlobalSection
	GlobalSection(SolutionProperties) = preSolution
		HideSolutionNode = FALSE
	EndGlobalSection
	GlobalSection(ExtensibilityGlobals) = postSolution
		SolutionGuid = {7ECBD63E-2CE2-4823-AB31-93FB3BBEC279}
	EndGlobalSection
EndGlobal
